
Microsoft Visual Studio Solution File, Format Version 12.00
# Visual Studio Version 16
VisualStudioVersion = 16.0.30413.136
MinimumVisualStudioVersion = 10.0.40219.1
Project("{FAE04EC0-301F-11D3-BF4B-00C04F79EFBC}") = "Vistalcgs", "Vistalcgs\Vistalcgs.csproj", "{B781831C-4B57-4106-910E-DA3E77455518}"
EndProject
Project("{FAE04EC0-301F-11D3-BF4B-00C04F79EFBC}") = "Modelolcgs", "Modelolcgs\Modelolcgs.csproj", "{AE3394CB-D082-48A1-A046-4998A654A2C1}"
EndProject
Project("{FAE04EC0-301F-11D3-BF4B-00C04F79EFBC}") = "Controlador", "Controlador\Controlador.csproj", "{20F0866A-6DA4-46A1-8FEE-9A9D616C99DD}"
EndProject
Global
	GlobalSection(SolutionConfigurationPlatforms) = preSolution
		Debug|Any CPU = Debug|Any CPU
		Release|Any CPU = Release|Any CPU
	EndGlobalSection
	GlobalSection(ProjectConfigurationPlatforms) = postSolution
		{B781831C-4B57-4106-910E-DA3E77455518}.Debug|Any CPU.ActiveCfg = Debug|Any CPU
		{B781831C-4B57-4106-910E-DA3E77455518}.Debug|Any CPU.Build.0 = Debug|Any CPU
		{B781831C-4B57-4106-910E-DA3E77455518}.Release|Any CPU.ActiveCfg = Release|Any CPU
		{B781831C-4B57-4106-910E-DA3E77455518}.Release|Any CPU.Build.0 = Release|Any CPU
		{AE3394CB-D082-48A1-A046-4998A654A2C1}.Debug|Any CPU.ActiveCfg = Debug|Any CPU
		{AE3394CB-D082-48A1-A046-4998A654A2C1}.Debug|Any CPU.Build.0 = Debug|Any CPU
		{AE3394CB-D082-48A1-A046-4998A654A2C1}.Release|Any CPU.ActiveCfg = Release|Any CPU
		{AE3394CB-D082-48A1-A046-4998A654A2C1}.Release|Any CPU.Build.0 = Release|Any CPU
		{20F0866A-6DA4-46A1-8FEE-9A9D616C99DD}.Debug|Any CPU.ActiveCfg = Debug|Any CPU
		{20F0866A-6DA4-46A1-8FEE-9A9D616C99DD}.Debug|Any CPU.Build.0 = Debug|Any CPU
		{20F0866A-6DA4-46A1-8FEE-9A9D616C99DD}.Release|Any CPU.ActiveCfg = Release|Any CPU
		{20F0866A-6DA4-46A1-8FEE-9A9D616C99DD}.Release|Any CPU.Build.0 = Release|Any CPU
	EndGlobalSection
	GlobalSection(SolutionProperties) = preSolution
		HideSolutionNode = FALSE
	EndGlobalSection
	GlobalSection(ExtensibilityGlobals) = postSolution
		SolutionGuid = {2E077FF2-4598-46E6-90D0-175C4054DDD9}
	EndGlobalSection
EndGlobal
